
Microsoft Visual Studio Solution File, Format Version 12.00
# Visual Studio 14
VisualStudioVersion = 14.0.25420.1
MinimumVisualStudioVersion = 10.0.40219.1
Project("{FAE04EC0-301F-11D3-BF4B-00C04F79EFBC}") = "WMQ", "WMQ\WMQ.csproj", "{E3E4775D-8FDC-4ADD-8FF9-F058BB08ED7D}"
EndProject
Project("{FAE04EC0-301F-11D3-BF4B-00C04F79EFBC}") = "WMQClient", "WMQClient\WMQClient.csproj", "{9B1482C4-2C7F-402C-8917-58079E42558C}"
EndProject
Project("{2150E333-8FDC-42A3-9474-1A3956D46DE8}") = "服务端", "服务端", "{90D7E4A1-0CC0-4D7A-A788-06E3FC409AC2}"
EndProject
Project("{2150E333-8FDC-42A3-9474-1A3956D46DE8}") = "客户端", "客户端", "{AB10CB57-9D25-4C13-8E3C-69E88B71000C}"
EndProject
Project("{2150E333-8FDC-42A3-9474-1A3956D46DE8}") = "负载网关", "负载网关", "{03196DC1-E611-4426-8D8E-68AA6535D1C3}"
EndProject
Project("{FAE04EC0-301F-11D3-BF4B-00C04F79EFBC}") = "WMQGetway", "WMQGetway\WMQGetway.csproj", "{23741129-4EB3-4A41-B777-438D750F435A}"
EndProject
Project("{FAE04EC0-301F-11D3-BF4B-00C04F79EFBC}") = "通用TCP云服务类库", "网关核心类库\通用TCP云服务类库.csproj", "{BCB76C92-15DD-436C-9B5C-6D8D9671FA88}"
EndProject
Project("{FAE04EC0-301F-11D3-BF4B-00C04F79EFBC}") = "WeaveCore", "MyInterface\WeaveCore.csproj", "{B8D521E5-9073-4B32-A7A7-F415E623F67C}"
EndProject
Project("{FAE04EC0-301F-11D3-BF4B-00C04F79EFBC}") = "TCPclient", "TCPclient\TCPclient.csproj", "{DC9B4157-68C6-4F52-B8E4-EC2E4BC1D237}"
EndProject
Global
	GlobalSection(SolutionConfigurationPlatforms) = preSolution
		AAA|Any CPU = AAA|Any CPU
		Debug|Any CPU = Debug|Any CPU
		Release|Any CPU = Release|Any CPU
	EndGlobalSection
	GlobalSection(ProjectConfigurationPlatforms) = postSolution
		{E3E4775D-8FDC-4ADD-8FF9-F058BB08ED7D}.AAA|Any CPU.ActiveCfg = Release|Any CPU
		{E3E4775D-8FDC-4ADD-8FF9-F058BB08ED7D}.AAA|Any CPU.Build.0 = Release|Any CPU
		{E3E4775D-8FDC-4ADD-8FF9-F058BB08ED7D}.Debug|Any CPU.ActiveCfg = Debug|Any CPU
		{E3E4775D-8FDC-4ADD-8FF9-F058BB08ED7D}.Debug|Any CPU.Build.0 = Debug|Any CPU
		{E3E4775D-8FDC-4ADD-8FF9-F058BB08ED7D}.Release|Any CPU.ActiveCfg = Release|Any CPU
		{E3E4775D-8FDC-4ADD-8FF9-F058BB08ED7D}.Release|Any CPU.Build.0 = Release|Any CPU
		{9B1482C4-2C7F-402C-8917-58079E42558C}.AAA|Any CPU.ActiveCfg = Release|Any CPU
		{9B1482C4-2C7F-402C-8917-58079E42558C}.AAA|Any CPU.Build.0 = Release|Any CPU
		{9B1482C4-2C7F-402C-8917-58079E42558C}.Debug|Any CPU.ActiveCfg = Debug|Any CPU
		{9B1482C4-2C7F-402C-8917-58079E42558C}.Debug|Any CPU.Build.0 = Debug|Any CPU
		{9B1482C4-2C7F-402C-8917-58079E42558C}.Release|Any CPU.ActiveCfg = Release|Any CPU
		{9B1482C4-2C7F-402C-8917-58079E42558C}.Release|Any CPU.Build.0 = Release|Any CPU
		{23741129-4EB3-4A41-B777-438D750F435A}.AAA|Any CPU.ActiveCfg = Release|Any CPU
		{23741129-4EB3-4A41-B777-438D750F435A}.AAA|Any CPU.Build.0 = Release|Any CPU
		{23741129-4EB3-4A41-B777-438D750F435A}.Debug|Any CPU.ActiveCfg = Debug|Any CPU
		{23741129-4EB3-4A41-B777-438D750F435A}.Debug|Any CPU.Build.0 = Debug|Any CPU
		{23741129-4EB3-4A41-B777-438D750F435A}.Release|Any CPU.ActiveCfg = Release|Any CPU
		{23741129-4EB3-4A41-B777-438D750F435A}.Release|Any CPU.Build.0 = Release|Any CPU
		{BCB76C92-15DD-436C-9B5C-6D8D9671FA88}.AAA|Any CPU.ActiveCfg = AAA|Any CPU
		{BCB76C92-15DD-436C-9B5C-6D8D9671FA88}.AAA|Any CPU.Build.0 = AAA|Any CPU
		{BCB76C92-15DD-436C-9B5C-6D8D9671FA88}.Debug|Any CPU.ActiveCfg = Debug|Any CPU
		{BCB76C92-15DD-436C-9B5C-6D8D9671FA88}.Debug|Any CPU.Build.0 = Debug|Any CPU
		{BCB76C92-15DD-436C-9B5C-6D8D9671FA88}.Release|Any CPU.ActiveCfg = Release|Any CPU
		{BCB76C92-15DD-436C-9B5C-6D8D9671FA88}.Release|Any CPU.Build.0 = Release|Any CPU
		{B8D521E5-9073-4B32-A7A7-F415E623F67C}.AAA|Any CPU.ActiveCfg = AAA|Any CPU
		{B8D521E5-9073-4B32-A7A7-F415E623F67C}.AAA|Any CPU.Build.0 = AAA|Any CPU
		{B8D521E5-9073-4B32-A7A7-F415E623F67C}.Debug|Any CPU.ActiveCfg = Debug|Any CPU
		{B8D521E5-9073-4B32-A7A7-F415E623F67C}.Debug|Any CPU.Build.0 = Debug|Any CPU
		{B8D521E5-9073-4B32-A7A7-F415E623F67C}.Release|Any CPU.ActiveCfg = Release|Any CPU
		{B8D521E5-9073-4B32-A7A7-F415E623F67C}.Release|Any CPU.Build.0 = Release|Any CPU
		{DC9B4157-68C6-4F52-B8E4-EC2E4BC1D237}.AAA|Any CPU.ActiveCfg = AAA|Any CPU
		{DC9B4157-68C6-4F52-B8E4-EC2E4BC1D237}.AAA|Any CPU.Build.0 = AAA|Any CPU
		{DC9B4157-68C6-4F52-B8E4-EC2E4BC1D237}.Debug|Any CPU.ActiveCfg = Debug|Any CPU
		{DC9B4157-68C6-4F52-B8E4-EC2E4BC1D237}.Debug|Any CPU.Build.0 = Debug|Any CPU
		{DC9B4157-68C6-4F52-B8E4-EC2E4BC1D237}.Release|Any CPU.ActiveCfg = Release|Any CPU
		{DC9B4157-68C6-4F52-B8E4-EC2E4BC1D237}.Release|Any CPU.Build.0 = Release|Any CPU
	EndGlobalSection
	GlobalSection(SolutionProperties) = preSolution
		HideSolutionNode = FALSE
	EndGlobalSection
	GlobalSection(NestedProjects) = preSolution
		{E3E4775D-8FDC-4ADD-8FF9-F058BB08ED7D} = {90D7E4A1-0CC0-4D7A-A788-06E3FC409AC2}
		{9B1482C4-2C7F-402C-8917-58079E42558C} = {AB10CB57-9D25-4C13-8E3C-69E88B71000C}
		{23741129-4EB3-4A41-B777-438D750F435A} = {03196DC1-E611-4426-8D8E-68AA6535D1C3}
		{BCB76C92-15DD-436C-9B5C-6D8D9671FA88} = {03196DC1-E611-4426-8D8E-68AA6535D1C3}
		{B8D521E5-9073-4B32-A7A7-F415E623F67C} = {AB10CB57-9D25-4C13-8E3C-69E88B71000C}
		{DC9B4157-68C6-4F52-B8E4-EC2E4BC1D237} = {AB10CB57-9D25-4C13-8E3C-69E88B71000C}
	EndGlobalSection
	GlobalSection(ExtensibilityGlobals) = postSolution
		SolutionGuid = {481C7F3C-BDF8-4AF9-B839-63A9FFFD4081}
	EndGlobalSection
EndGlobal
